
Microsoft Visual Studio Solution File, Format Version 12.00
# Visual Studio Version 16
VisualStudioVersion = 16.0.29006.145
MinimumVisualStudioVersion = 10.0.40219.1
Project("{9A19103F-16F7-4668-BE54-9A1E7A4F7556}") = "Algorithms", "Algorithms.csproj", "{EA7C6CDE-6A62-4238-97A9-FE67E838D6FF}"
EndProject
Project("{FAE04EC0-301F-11D3-BF4B-00C04F79EFBC}") = "Algorithms.Tests", "..\Algorithms.Tests\Algorithms.Tests.csproj", "{98EAC9ED-8C2D-42D5-90E1-9FAF620277A2}"
EndProject
Global
	GlobalSection(SolutionConfigurationPlatforms) = preSolution
		Debug|Any CPU = Debug|Any CPU
		Release|Any CPU = Release|Any CPU
	EndGlobalSection
	GlobalSection(ProjectConfigurationPlatforms) = postSolution
		{EA7C6CDE-6A62-4238-97A9-FE67E838D6FF}.Debug|Any CPU.ActiveCfg = Debug|Any CPU
		{EA7C6CDE-6A62-4238-97A9-FE67E838D6FF}.Debug|Any CPU.Build.0 = Debug|Any CPU
		{EA7C6CDE-6A62-4238-97A9-FE67E838D6FF}.Release|Any CPU.ActiveCfg = Release|Any CPU
		{EA7C6CDE-6A62-4238-97A9-FE67E838D6FF}.Release|Any CPU.Build.0 = Release|Any CPU
		{98EAC9ED-8C2D-42D5-90E1-9FAF620277A2}.Debug|Any CPU.ActiveCfg = Debug|Any CPU
		{98EAC9ED-8C2D-42D5-90E1-9FAF620277A2}.Debug|Any CPU.Build.0 = Debug|Any CPU
		{98EAC9ED-8C2D-42D5-90E1-9FAF620277A2}.Release|Any CPU.ActiveCfg = Release|Any CPU
		{98EAC9ED-8C2D-42D5-90E1-9FAF620277A2}.Release|Any CPU.Build.0 = Release|Any CPU
	EndGlobalSection
	GlobalSection(SolutionProperties) = preSolution
		HideSolutionNode = FALSE
	EndGlobalSection
	GlobalSection(ExtensibilityGlobals) = postSolution
		SolutionGuid = {9F56E904-6DE6-4B7D-8D14-D799C1F04962}
	EndGlobalSection
EndGlobal
